
Microsoft Visual Studio Solution File, Format Version 12.00
# Visual Studio Version 17
VisualStudioVersion = 17.0.31919.166
MinimumVisualStudioVersion = 10.0.40219.1
Project("{9A19103F-16F7-4668-BE54-9A1E7A4F7556}") = "Data.Models", "src\Data\Data.Models\Data.Models.csproj", "{F1262026-FBB2-4921-BD07-DD0F7A1C13B5}"
EndProject
Project("{9A19103F-16F7-4668-BE54-9A1E7A4F7556}") = "Data.TotalErrorDbContext", "src\Data\Data.TotalErrorDbContext\Data.TotalErrorDbContext.csproj", "{1AC982A9-71D2-47F9-8F07-2F9082E66011}"
EndProject
Project("{9A19103F-16F7-4668-BE54-9A1E7A4F7556}") = "Data.Services", "src\Data\Data.Services\Data.Services.csproj", "{CC38F547-B6F7-41F9-8826-AF5174736E30}"
EndProject
Project("{9A19103F-16F7-4668-BE54-9A1E7A4F7556}") = "Tests", "src\Tests\Tests\Tests.csproj", "{C3D811F0-09F6-4F1C-B7E8-04CAD7BD3720}"
EndProject
Project("{9A19103F-16F7-4668-BE54-9A1E7A4F7556}") = "TotalErrorWebAPI", "WebAPI\TotalErrorWebAPI\TotalErrorWebAPI.csproj", "{6A61ECD1-B446-41D1-8873-5AD5ACEED377}"
EndProject
Project("{FAE04EC0-301F-11D3-BF4B-00C04F79EFBC}") = "Constants", "Constants\Constants.csproj", "{0372609F-4EF9-4BF2-840E-6F373402A710}"
EndProject
Global
	GlobalSection(SolutionConfigurationPlatforms) = preSolution
		Debug|Any CPU = Debug|Any CPU
		Release|Any CPU = Release|Any CPU
	EndGlobalSection
	GlobalSection(ProjectConfigurationPlatforms) = postSolution
		{F1262026-FBB2-4921-BD07-DD0F7A1C13B5}.Debug|Any CPU.ActiveCfg = Debug|Any CPU
		{F1262026-FBB2-4921-BD07-DD0F7A1C13B5}.Debug|Any CPU.Build.0 = Debug|Any CPU
		{F1262026-FBB2-4921-BD07-DD0F7A1C13B5}.Release|Any CPU.ActiveCfg = Release|Any CPU
		{F1262026-FBB2-4921-BD07-DD0F7A1C13B5}.Release|Any CPU.Build.0 = Release|Any CPU
		{1AC982A9-71D2-47F9-8F07-2F9082E66011}.Debug|Any CPU.ActiveCfg = Debug|Any CPU
		{1AC982A9-71D2-47F9-8F07-2F9082E66011}.Debug|Any CPU.Build.0 = Debug|Any CPU
		{1AC982A9-71D2-47F9-8F07-2F9082E66011}.Release|Any CPU.ActiveCfg = Release|Any CPU
		{1AC982A9-71D2-47F9-8F07-2F9082E66011}.Release|Any CPU.Build.0 = Release|Any CPU
		{CC38F547-B6F7-41F9-8826-AF5174736E30}.Debug|Any CPU.ActiveCfg = Debug|Any CPU
		{CC38F547-B6F7-41F9-8826-AF5174736E30}.Debug|Any CPU.Build.0 = Debug|Any CPU
		{CC38F547-B6F7-41F9-8826-AF5174736E30}.Release|Any CPU.ActiveCfg = Release|Any CPU
		{CC38F547-B6F7-41F9-8826-AF5174736E30}.Release|Any CPU.Build.0 = Release|Any CPU
		{C3D811F0-09F6-4F1C-B7E8-04CAD7BD3720}.Debug|Any CPU.ActiveCfg = Debug|Any CPU
		{C3D811F0-09F6-4F1C-B7E8-04CAD7BD3720}.Debug|Any CPU.Build.0 = Debug|Any CPU
		{C3D811F0-09F6-4F1C-B7E8-04CAD7BD3720}.Release|Any CPU.ActiveCfg = Release|Any CPU
		{C3D811F0-09F6-4F1C-B7E8-04CAD7BD3720}.Release|Any CPU.Build.0 = Release|Any CPU
		{6A61ECD1-B446-41D1-8873-5AD5ACEED377}.Debug|Any CPU.ActiveCfg = Debug|Any CPU
		{6A61ECD1-B446-41D1-8873-5AD5ACEED377}.Debug|Any CPU.Build.0 = Debug|Any CPU
		{6A61ECD1-B446-41D1-8873-5AD5ACEED377}.Release|Any CPU.ActiveCfg = Release|Any CPU
		{6A61ECD1-B446-41D1-8873-5AD5ACEED377}.Release|Any CPU.Build.0 = Release|Any CPU
		{0372609F-4EF9-4BF2-840E-6F373402A710}.Debug|Any CPU.ActiveCfg = Debug|Any CPU
		{0372609F-4EF9-4BF2-840E-6F373402A710}.Debug|Any CPU.Build.0 = Debug|Any CPU
		{0372609F-4EF9-4BF2-840E-6F373402A710}.Release|Any CPU.ActiveCfg = Release|Any CPU
		{0372609F-4EF9-4BF2-840E-6F373402A710}.Release|Any CPU.Build.0 = Release|Any CPU
	EndGlobalSection
	GlobalSection(SolutionProperties) = preSolution
		HideSolutionNode = FALSE
	EndGlobalSection
	GlobalSection(ExtensibilityGlobals) = postSolution
		SolutionGuid = {9776F4E9-C541-4245-BF40-E0584F822907}
	EndGlobalSection
EndGlobal
